
Microsoft Visual Studio Solution File, Format Version 12.00
# Visual Studio Version 17
VisualStudioVersion = 17.2.32526.322
MinimumVisualStudioVersion = 10.0.40219.1
Project("{FAE04EC0-301F-11D3-BF4B-00C04F79EFBC}") = "FileIndexer", "FileIndexer\FileIndexer.csproj", "{C52DBB77-9A55-46A5-801C-A0A5A7D7B0E6}"
EndProject
Project("{FAE04EC0-301F-11D3-BF4B-00C04F79EFBC}") = "FileIndexerTests", "FileIndexerTests\FileIndexerTests.csproj", "{69CA85A5-8864-4583-AD71-654620FD5779}"
EndProject
Global
	GlobalSection(SolutionConfigurationPlatforms) = preSolution
		Debug|Any CPU = Debug|Any CPU
		Release|Any CPU = Release|Any CPU
	EndGlobalSection
	GlobalSection(ProjectConfigurationPlatforms) = postSolution
		{C52DBB77-9A55-46A5-801C-A0A5A7D7B0E6}.Debug|Any CPU.ActiveCfg = Debug|Any CPU
		{C52DBB77-9A55-46A5-801C-A0A5A7D7B0E6}.Debug|Any CPU.Build.0 = Debug|Any CPU
		{C52DBB77-9A55-46A5-801C-A0A5A7D7B0E6}.Release|Any CPU.ActiveCfg = Release|Any CPU
		{C52DBB77-9A55-46A5-801C-A0A5A7D7B0E6}.Release|Any CPU.Build.0 = Release|Any CPU
		{69CA85A5-8864-4583-AD71-654620FD5779}.Debug|Any CPU.ActiveCfg = Debug|Any CPU
		{69CA85A5-8864-4583-AD71-654620FD5779}.Debug|Any CPU.Build.0 = Debug|Any CPU
		{69CA85A5-8864-4583-AD71-654620FD5779}.Release|Any CPU.ActiveCfg = Release|Any CPU
		{69CA85A5-8864-4583-AD71-654620FD5779}.Release|Any CPU.Build.0 = Release|Any CPU
	EndGlobalSection
	GlobalSection(SolutionProperties) = preSolution
		HideSolutionNode = FALSE
	EndGlobalSection
	GlobalSection(ExtensibilityGlobals) = postSolution
		SolutionGuid = {82F306A6-09DB-4822-B5D2-CF8BBD072DC9}
	EndGlobalSection
EndGlobal
